
Microsoft Visual Studio Solution File, Format Version 12.00
# Visual Studio 15
VisualStudioVersion = 15.0.28307.489
MinimumVisualStudioVersion = 10.0.40219.1
Project("{FAE04EC0-301F-11D3-BF4B-00C04F79EFBC}") = "Web", "Web\Web.csproj", "{A012C99C-0080-4479-B83F-974E3327F36E}"
EndProject
Project("{FAE04EC0-301F-11D3-BF4B-00C04F79EFBC}") = "UnitTests", "UnitTests\UnitTests.csproj", "{E9053B3B-B844-40A4-9FB4-7BD2EE4AB527}"
EndProject
Project("{FAE04EC0-301F-11D3-BF4B-00C04F79EFBC}") = "BLL", "BLL\BLL.csproj", "{500566E2-E099-4400-B9D5-96EA445AE4E2}"
EndProject
Project("{FAE04EC0-301F-11D3-BF4B-00C04F79EFBC}") = "DAL", "DAL\DAL.csproj", "{3A7E2FB0-031B-4220-872E-9650C0C18FD1}"
EndProject
Project("{FAE04EC0-301F-11D3-BF4B-00C04F79EFBC}") = "Models", "Models\Models.csproj", "{FC57AD31-D242-45B9-A555-12301ABB6C13}"
EndProject
Global
	GlobalSection(SolutionConfigurationPlatforms) = preSolution
		Debug|Any CPU = Debug|Any CPU
		Release|Any CPU = Release|Any CPU
	EndGlobalSection
	GlobalSection(ProjectConfigurationPlatforms) = postSolution
		{A012C99C-0080-4479-B83F-974E3327F36E}.Debug|Any CPU.ActiveCfg = Debug|Any CPU
		{A012C99C-0080-4479-B83F-974E3327F36E}.Debug|Any CPU.Build.0 = Debug|Any CPU
		{A012C99C-0080-4479-B83F-974E3327F36E}.Release|Any CPU.ActiveCfg = Release|Any CPU
		{A012C99C-0080-4479-B83F-974E3327F36E}.Release|Any CPU.Build.0 = Release|Any CPU
		{E9053B3B-B844-40A4-9FB4-7BD2EE4AB527}.Debug|Any CPU.ActiveCfg = Debug|Any CPU
		{E9053B3B-B844-40A4-9FB4-7BD2EE4AB527}.Debug|Any CPU.Build.0 = Debug|Any CPU
		{E9053B3B-B844-40A4-9FB4-7BD2EE4AB527}.Release|Any CPU.ActiveCfg = Release|Any CPU
		{E9053B3B-B844-40A4-9FB4-7BD2EE4AB527}.Release|Any CPU.Build.0 = Release|Any CPU
		{500566E2-E099-4400-B9D5-96EA445AE4E2}.Debug|Any CPU.ActiveCfg = Debug|Any CPU
		{500566E2-E099-4400-B9D5-96EA445AE4E2}.Debug|Any CPU.Build.0 = Debug|Any CPU
		{500566E2-E099-4400-B9D5-96EA445AE4E2}.Release|Any CPU.ActiveCfg = Release|Any CPU
		{500566E2-E099-4400-B9D5-96EA445AE4E2}.Release|Any CPU.Build.0 = Release|Any CPU
		{3A7E2FB0-031B-4220-872E-9650C0C18FD1}.Debug|Any CPU.ActiveCfg = Debug|Any CPU
		{3A7E2FB0-031B-4220-872E-9650C0C18FD1}.Debug|Any CPU.Build.0 = Debug|Any CPU
		{3A7E2FB0-031B-4220-872E-9650C0C18FD1}.Release|Any CPU.ActiveCfg = Release|Any CPU
		{3A7E2FB0-031B-4220-872E-9650C0C18FD1}.Release|Any CPU.Build.0 = Release|Any CPU
		{FC57AD31-D242-45B9-A555-12301ABB6C13}.Debug|Any CPU.ActiveCfg = Debug|Any CPU
		{FC57AD31-D242-45B9-A555-12301ABB6C13}.Debug|Any CPU.Build.0 = Debug|Any CPU
		{FC57AD31-D242-45B9-A555-12301ABB6C13}.Release|Any CPU.ActiveCfg = Release|Any CPU
		{FC57AD31-D242-45B9-A555-12301ABB6C13}.Release|Any CPU.Build.0 = Release|Any CPU
	EndGlobalSection
	GlobalSection(SolutionProperties) = preSolution
		HideSolutionNode = FALSE
	EndGlobalSection
	GlobalSection(ExtensibilityGlobals) = postSolution
		SolutionGuid = {7A9A7B26-5E8B-403D-B4A3-DB4543B1482F}
	EndGlobalSection
EndGlobal
